
Microsoft Visual Studio Solution File, Format Version 12.00
# Visual Studio 15
VisualStudioVersion = 15.0.28307.438
MinimumVisualStudioVersion = 10.0.40219.1
Project("{FAE04EC0-301F-11D3-BF4B-00C04F79EFBC}") = "YoucalGoogleAssistantApi", "YoucalGoogleAssistantApi\YoucalGoogleAssistantApi.csproj", "{3B042DF8-A913-4BA8-8A35-AF57C09276DC}"
EndProject
Global
	GlobalSection(SolutionConfigurationPlatforms) = preSolution
		Debug|Any CPU = Debug|Any CPU
		Release|Any CPU = Release|Any CPU
	EndGlobalSection
	GlobalSection(ProjectConfigurationPlatforms) = postSolution
		{3B042DF8-A913-4BA8-8A35-AF57C09276DC}.Debug|Any CPU.ActiveCfg = Debug|Any CPU
		{3B042DF8-A913-4BA8-8A35-AF57C09276DC}.Debug|Any CPU.Build.0 = Debug|Any CPU
		{3B042DF8-A913-4BA8-8A35-AF57C09276DC}.Release|Any CPU.ActiveCfg = Release|Any CPU
		{3B042DF8-A913-4BA8-8A35-AF57C09276DC}.Release|Any CPU.Build.0 = Release|Any CPU
	EndGlobalSection
	GlobalSection(SolutionProperties) = preSolution
		HideSolutionNode = FALSE
	EndGlobalSection
	GlobalSection(ExtensibilityGlobals) = postSolution
		SolutionGuid = {403FF851-CE12-4FD2-BDD8-478A53858F03}
	EndGlobalSection
EndGlobal
